Microsoft Visual Studio Solution File, Format Version 11.00
# Visual Studio 2008

Project("{CBC636F9-F596-2FCC-EC01-AEC4BF03C5DB}") = "Learn RPG", "Assembly-CSharp.csproj", "{F45F4D1A-0C7A-33E1-8287-82D530D17F31}"
EndProject
Global
	GlobalSection(SolutionConfigurationPlatforms) = preSolution
		Debug|Any CPU = Debug|Any CPU
		Release|Any CPU = Release|Any CPU
	EndGlobalSection
	GlobalSection(ProjectConfigurationPlatforms) = postSolution
		{F45F4D1A-0C7A-33E1-8287-82D530D17F31}.Debug|Any CPU.ActiveCfg = Debug|Any CPU
		{F45F4D1A-0C7A-33E1-8287-82D530D17F31}.Debug|Any CPU.Build.0 = Debug|Any CPU
		{F45F4D1A-0C7A-33E1-8287-82D530D17F31}.Release|Any CPU.ActiveCfg = Release|Any CPU
		{F45F4D1A-0C7A-33E1-8287-82D530D17F31}.Release|Any CPU.Build.0 = Release|Any CPU
	EndGlobalSection
	GlobalSection(SolutionProperties) = preSolution
		HideSolutionNode = FALSE
	EndGlobalSection
	GlobalSection(MonoDevelopProperties) = preSolution
		StartupItem = Assembly-CSharp.csproj
	EndGlobalSection
EndGlobal
